
Microsoft Visual Studio Solution File, Format Version 12.00
# Visual Studio Version 16
VisualStudioVersion = 16.0.31402.337
MinimumVisualStudioVersion = 10.0.40219.1
Project("{FAE04EC0-301F-11D3-BF4B-00C04F79EFBC}") = "PalwindersBookStore", "PalwindersBookStore\PalwindersBookStore.csproj", "{4CB0ED9C-654E-415F-A982-15208EB168DB}"
EndProject
Project("{FAE04EC0-301F-11D3-BF4B-00C04F79EFBC}") = "PalwindersBooks.DataAccess", "PalwindersBooks.DataAccess\PalwindersBooks.DataAccess.csproj", "{3BBC0DC4-AD68-4272-80E4-4E4C768E4106}"
EndProject
Project("{FAE04EC0-301F-11D3-BF4B-00C04F79EFBC}") = "PalwindersBooks.Models", "PalwindersBooks.Models\PalwindersBooks.Models.csproj", "{741C3A48-A463-43EF-8999-60DD7100D492}"
EndProject
Project("{FAE04EC0-301F-11D3-BF4B-00C04F79EFBC}") = "PalwindersBooks.Utility", "PalwindersBooks.Utility\PalwindersBooks.Utility.csproj", "{C151D6D2-FA5E-413A-AD2A-1099FB31299F}"
EndProject
Global
	GlobalSection(SolutionConfigurationPlatforms) = preSolution
		Debug|Any CPU = Debug|Any CPU
		Release|Any CPU = Release|Any CPU
	EndGlobalSection
	GlobalSection(ProjectConfigurationPlatforms) = postSolution
		{4CB0ED9C-654E-415F-A982-15208EB168DB}.Debug|Any CPU.ActiveCfg = Debug|Any CPU
		{4CB0ED9C-654E-415F-A982-15208EB168DB}.Debug|Any CPU.Build.0 = Debug|Any CPU
		{4CB0ED9C-654E-415F-A982-15208EB168DB}.Release|Any CPU.ActiveCfg = Release|Any CPU
		{4CB0ED9C-654E-415F-A982-15208EB168DB}.Release|Any CPU.Build.0 = Release|Any CPU
		{3BBC0DC4-AD68-4272-80E4-4E4C768E4106}.Debug|Any CPU.ActiveCfg = Debug|Any CPU
		{3BBC0DC4-AD68-4272-80E4-4E4C768E4106}.Debug|Any CPU.Build.0 = Debug|Any CPU
		{3BBC0DC4-AD68-4272-80E4-4E4C768E4106}.Release|Any CPU.ActiveCfg = Release|Any CPU
		{3BBC0DC4-AD68-4272-80E4-4E4C768E4106}.Release|Any CPU.Build.0 = Release|Any CPU
		{741C3A48-A463-43EF-8999-60DD7100D492}.Debug|Any CPU.ActiveCfg = Debug|Any CPU
		{741C3A48-A463-43EF-8999-60DD7100D492}.Debug|Any CPU.Build.0 = Debug|Any CPU
		{741C3A48-A463-43EF-8999-60DD7100D492}.Release|Any CPU.ActiveCfg = Release|Any CPU
		{741C3A48-A463-43EF-8999-60DD7100D492}.Release|Any CPU.Build.0 = Release|Any CPU
		{C151D6D2-FA5E-413A-AD2A-1099FB31299F}.Debug|Any CPU.ActiveCfg = Debug|Any CPU
		{C151D6D2-FA5E-413A-AD2A-1099FB31299F}.Debug|Any CPU.Build.0 = Debug|Any CPU
		{C151D6D2-FA5E-413A-AD2A-1099FB31299F}.Release|Any CPU.ActiveCfg = Release|Any CPU
		{C151D6D2-FA5E-413A-AD2A-1099FB31299F}.Release|Any CPU.Build.0 = Release|Any CPU
	EndGlobalSection
	GlobalSection(SolutionProperties) = preSolution
		HideSolutionNode = FALSE
	EndGlobalSection
	GlobalSection(ExtensibilityGlobals) = postSolution
		SolutionGuid = {21A1D22C-7BD6-4F26-80B1-9B2886C37BD2}
	EndGlobalSection
EndGlobal
